// !$*UTF8*$!
{
	archiveVersion = 1;
	classes = {
	};
	objectVersion = 50;
	objects = {

/* Begin PBXBuildFile section */
		241163BC211B7F7C00B9056C /* PieView.swift in Sources */ = {isa = PBXBuildFile; fileRef = 241163BB211B7F7C00B9056C /* PieView.swift */; };
		241163BE211B944700B9056C /* DrawUtils.swift in Sources */ = {isa = PBXBuildFile; fileRef = 241163BD211B944700B9056C /* DrawUtils.swift */; };
		241786AF21134BED00B57190 /* ObjectModels.swift in Sources */ = {isa = PBXBuildFile; fileRef = 241786AE21134BED00B57190 /* ObjectModels.swift */; };
		241786B62113C66D00B57190 /* Maldives.jpg in Resources */ = {isa = PBXBuildFile; fileRef = 241786B52113C66D00B57190 /* Maldives.jpg */; };
		241786BC2113E33800B57190 /* donut.png in Resources */ = {isa = PBXBuildFile; fileRef = 241786BB2113E33800B57190 /* donut.png */; };
		241786BE2113E68E00B57190 /* pie.png in Resources */ = {isa = PBXBuildFile; fileRef = 241786BD2113E68E00B57190 /* pie.png */; };
		241786C02113E7FA00B57190 /* list.png in Resources */ = {isa = PBXBuildFile; fileRef = 241786BF2113E7FA00B57190 /* list.png */; };
		241786C42113EAEF00B57190 /* block.png in Resources */ = {isa = PBXBuildFile; fileRef = 241786C32113EAEF00B57190 /* block.png */; };
		241786C62114F87000B57190 /* ListViewController.swift in Sources */ = {isa = PBXBuildFile; fileRef = 241786C52114F87000B57190 /* ListViewController.swift */; };
		241786C82114FA5100B57190 /* PieViewController.swift in Sources */ = {isa = PBXBuildFile; fileRef = 241786C72114FA5100B57190 /* PieViewController.swift */; };
		241786CA2114FA5F00B57190 /* BlockViewController.swift in Sources */ = {isa = PBXBuildFile; fileRef = 241786C92114FA5F00B57190 /* BlockViewController.swift */; };
		241786CC2114FA7300B57190 /* DonutViewController.swift in Sources */ = {isa = PBXBuildFile; fileRef = 241786CB2114FA7300B57190 /* DonutViewController.swift */; };
		24361135210FB96300F3C1CF /* AppDelegate.swift in Sources */ = {isa = PBXBuildFile; fileRef = 24361134210FB96300F3C1CF /* AppDelegate.swift */; };
		24361137210FB96300F3C1CF /* ViewController.swift in Sources */ = {isa = PBXBuildFile; fileRef = 24361136210FB96300F3C1CF /* ViewController.swift */; };
		2436113A210FB96300F3C1CF /* Main.storyboard in Resources */ = {isa = PBXBuildFile; fileRef = 24361138210FB96300F3C1CF /* Main.storyboard */; };
		2436113C210FB96300F3C1CF /* Assets.xcassets in Resources */ = {isa = PBXBuildFile; fileRef = 2436113B210FB96300F3C1CF /* Assets.xcassets */; };
		2436113F210FB96300F3C1CF /* LaunchScreen.storyboard in Resources */ = {isa = PBXBuildFile; fileRef = 2436113D210FB96300F3C1CF /* LaunchScreen.storyboard */; };
		2436114A210FB96400F3C1CF /* ScoreBoardTests.swift in Sources */ = {isa = PBXBuildFile; fileRef = 24361149210FB96400F3C1CF /* ScoreBoardTests.swift */; };
		24361155210FB96400F3C1CF /* ScoreBoardUITests.swift in Sources */ = {isa = PBXBuildFile; fileRef = 24361154210FB96400F3C1CF /* ScoreBoardUITests.swift */; };
		24361165210FC8E100F3C1CF /* DetailSettingPopUpViewController.swift in Sources */ = {isa = PBXBuildFile; fileRef = 24361164210FC8E100F3C1CF /* DetailSettingPopUpViewController.swift */; };
/* End PBXBuildFile section */

/* Begin PBXContainerItemProxy section */
		24361146210FB96400F3C1CF /* PBXContainerItemProxy */ = {
			isa = PBXContainerItemProxy;
			containerPortal = 24361129210FB96300F3C1CF /* Project object */;
			proxyType = 1;
			remoteGlobalIDString = 24361130210FB96300F3C1CF;
			remoteInfo = ScoreBoard;
		};
		24361151210FB96400F3C1CF /* PBXContainerItemProxy */ = {
			isa = PBXContainerItemProxy;
			containerPortal = 24361129210FB96300F3C1CF /* Project object */;
			proxyType = 1;
			remoteGlobalIDString = 24361130210FB96300F3C1CF;
			remoteInfo = ScoreBoard;
		};
/* End PBXContainerItemProxy section */

/* Begin PBXFileReference section */
		241163BB211B7F7C00B9056C /* PieView.swift */ = {isa = PBXFileReference; lastKnownFileType = sourcecode.swift; path = PieView.swift; sourceTree = "<group>"; };
		241163BD211B944700B9056C /* DrawUtils.swift */ = {isa = PBXFileReference; lastKnownFileType = sourcecode.swift; path = DrawUtils.swift; sourceTree = "<group>"; };
		241786AE21134BED00B57190 /* ObjectModels.swift */ = {isa = PBXFileReference; lastKnownFileType = sourcecode.swift; path = ObjectModels.swift; sourceTree = "<group>"; };
		241786B52113C66D00B57190 /* Maldives.jpg */ = {isa = PBXFileReference; lastKnownFileType = image.jpeg; path = Maldives.jpg; sourceTree = "<group>"; };
		241786BB2113E33800B57190 /* donut.png */ = {isa = PBXFileReference; lastKnownFileType = image.png; path = donut.png; sourceTree = "<group>"; };
		241786BD2113E68E00B57190 /* pie.png */ = {isa = PBXFileReference; lastKnownFileType = image.png; path = pie.png; sourceTree = "<group>"; };
		241786BF2113E7FA00B57190 /* list.png */ = {isa = PBXFileReference; lastKnownFileType = image.png; path = list.png; sourceTree = "<group>"; };
		241786C32113EAEF00B57190 /* block.png */ = {isa = PBXFileReference; lastKnownFileType = image.png; path = block.png; sourceTree = "<group>"; };
		241786C52114F87000B57190 /* ListViewController.swift */ = {isa = PBXFileReference; lastKnownFileType = sourcecode.swift; path = ListViewController.swift; sourceTree = "<group>"; };
		241786C72114FA5100B57190 /* PieViewController.swift */ = {isa = PBXFileReference; lastKnownFileType = sourcecode.swift; path = PieViewController.swift; sourceTree = "<group>"; };
		241786C92114FA5F00B57190 /* BlockViewController.swift */ = {isa = PBXFileReference; lastKnownFileType = sourcecode.swift; path = BlockViewController.swift; sourceTree = "<group>"; };
		241786CB2114FA7300B57190 /* DonutViewController.swift */ = {isa = PBXFileReference; lastKnownFileType = sourcecode.swift; path = DonutViewController.swift; sourceTree = "<group>"; };
		24361131210FB96300F3C1CF /* ScoreBoard.app */ = {isa = PBXFileReference; explicitFileType = wrapper.application; includeInIndex = 0; path = ScoreBoard.app; sourceTree = BUILT_PRODUCTS_DIR; };
		24361134210FB96300F3C1CF /* AppDelegate.swift */ = {isa = PBXFileReference; lastKnownFileType = sourcecode.swift; path = AppDelegate.swift; sourceTree = "<group>"; };
		24361136210FB96300F3C1CF /* ViewController.swift */ = {isa = PBXFileReference; lastKnownFileType = sourcecode.swift; path = ViewController.swift; sourceTree = "<group>"; };
		24361139210FB96300F3C1CF /* Base */ = {isa = PBXFileReference; lastKnownFileType = file.storyboard; name = Base; path = Base.lproj/Main.storyboard; sourceTree = "<group>"; };
		2436113B210FB96300F3C1CF /* Assets.xcassets */ = {isa = PBXFileReference; lastKnownFileType = folder.assetcatalog; path = Assets.xcassets; sourceTree = "<group>"; };
		2436113E210FB96300F3C1CF /* Base */ = {isa = PBXFileReference; lastKnownFileType = file.storyboard; name = Base; path = Base.lproj/LaunchScreen.storyboard; sourceTree = "<group>"; };
		24361140210FB96300F3C1CF /* Info.plist */ = {isa = PBXFileReference; lastKnownFileType = text.plist.xml; path = Info.plist; sourceTree = "<group>"; };
		24361145210FB96400F3C1CF /* ScoreBoardTests.xctest */ = {isa = PBXFileReference; explicitFileType = wrapper.cfbundle; includeInIndex = 0; path = ScoreBoardTests.xctest; sourceTree = BUILT_PRODUCTS_DIR; };
		24361149210FB96400F3C1CF /* ScoreBoardTests.swift */ = {isa = PBXFileReference; lastKnownFileType = sourcecode.swift; path = ScoreBoardTests.swift; sourceTree = "<group>"; };
		2436114B210FB96400F3C1CF /* Info.plist */ = {isa = PBXFileReference; lastKnownFileType = text.plist.xml; path = Info.plist; sourceTree = "<group>"; };
		24361150210FB96400F3C1CF /* ScoreBoardUITests.xctest */ = {isa = PBXFileReference; explicitFileType = wrapper.cfbundle; includeInIndex = 0; path = ScoreBoardUITests.xctest; sourceTree = BUILT_PRODUCTS_DIR; };
		24361154210FB96400F3C1CF /* ScoreBoardUITests.swift */ = {isa = PBXFileReference; lastKnownFileType = sourcecode.swift; path = ScoreBoardUITests.swift; sourceTree = "<group>"; };
		24361156210FB96400F3C1CF /* Info.plist */ = {isa = PBXFileReference; lastKnownFileType = text.plist.xml; path = Info.plist; sourceTree = "<group>"; };
		24361164210FC8E100F3C1CF /* DetailSettingPopUpViewController.swift */ = {isa = PBXFileReference; lastKnownFileType = sourcecode.swift; path = DetailSettingPopUpViewController.swift; sourceTree = "<group>"; };
/* End PBXFileReference section */

/* Begin PBXFrameworksBuildPhase section */
		2436112E210FB96300F3C1CF /* Frameworks */ = {
			isa = PBXFrameworksBuildPhase;
			buildActionMask = 2147483647;
			files = (
			);
			runOnlyForDeploymentPostprocessing = 0;
		};
		24361142210FB96400F3C1CF /* Frameworks */ = {
			isa = PBXFrameworksBuildPhase;
			buildActionMask = 2147483647;
			files = (
			);
			runOnlyForDeploymentPostprocessing = 0;
		};
		2436114D210FB96400F3C1CF /* Frameworks */ = {
			isa = PBXFrameworksBuildPhase;
			buildActionMask = 2147483647;
			files = (
			);
			runOnlyForDeploymentPostprocessing = 0;
		};
/* End PBXFrameworksBuildPhase section */

/* Begin PBXGroup section */
		241786B02113C38300B57190 /* Images */ = {
			isa = PBXGroup;
			children = (
				241786BF2113E7FA00B57190 /* list.png */,
				241786BD2113E68E00B57190 /* pie.png */,
				241786C32113EAEF00B57190 /* block.png */,
				241786BB2113E33800B57190 /* donut.png */,
				241786B52113C66D00B57190 /* Maldives.jpg */,
			);
			path = Images;
			sourceTree = "<group>";
		};
		24361128210FB96300F3C1CF = {
			isa = PBXGroup;
			children = (
				24361133210FB96300F3C1CF /* ScoreBoard */,
				24361148210FB96400F3C1CF /* ScoreBoardTests */,
				24361153210FB96400F3C1CF /* ScoreBoardUITests */,
				24361132210FB96300F3C1CF /* Products */,
			);
			sourceTree = "<group>";
		};
		24361132210FB96300F3C1CF /* Products */ = {
			isa = PBXGroup;
			children = (
				24361131210FB96300F3C1CF /* ScoreBoard.app */,
				24361145210FB96400F3C1CF /* ScoreBoardTests.xctest */,
				24361150210FB96400F3C1CF /* ScoreBoardUITests.xctest */,
			);
			name = Products;
			sourceTree = "<group>";
		};
		24361133210FB96300F3C1CF /* ScoreBoard */ = {
			isa = PBXGroup;
			children = (
				241786B02113C38300B57190 /* Images */,
				24361134210FB96300F3C1CF /* AppDelegate.swift */,
				24361136210FB96300F3C1CF /* ViewController.swift */,
				24361164210FC8E100F3C1CF /* DetailSettingPopUpViewController.swift */,
				241786C52114F87000B57190 /* ListViewController.swift */,
				241786C72114FA5100B57190 /* PieViewController.swift */,
				241163BB211B7F7C00B9056C /* PieView.swift */,
				241786C92114FA5F00B57190 /* BlockViewController.swift */,
				241786CB2114FA7300B57190 /* DonutViewController.swift */,
				241786AE21134BED00B57190 /* ObjectModels.swift */,
				241163BD211B944700B9056C /* DrawUtils.swift */,
				24361138210FB96300F3C1CF /* Main.storyboard */,
				2436113B210FB96300F3C1CF /* Assets.xcassets */,
				2436113D210FB96300F3C1CF /* LaunchScreen.storyboard */,
				24361140210FB96300F3C1CF /* Info.plist */,
			);
			path = ScoreBoard;
			sourceTree = "<group>";
		};
		24361148210FB96400F3C1CF /* ScoreBoardTests */ = {
			isa = PBXGroup;
			children = (
				24361149210FB96400F3C1CF /* ScoreBoardTests.swift */,
				2436114B210FB96400F3C1CF /* Info.plist */,
			);
			path = ScoreBoardTests;
			sourceTree = "<group>";
		};
		24361153210FB96400F3C1CF /* ScoreBoardUITests */ = {
			isa = PBXGroup;
			children = (
				24361154210FB96400F3C1CF /* ScoreBoardUITests.swift */,
				24361156210FB96400F3C1CF /* Info.plist */,
			);
			path = ScoreBoardUITests;
			sourceTree = "<group>";
		};
/* End PBXGroup section */

/* Begin PBXNativeTarget section */
		24361130210FB96300F3C1CF /* ScoreBoard */ = {
			isa = PBXNativeTarget;
			buildConfigurationList = 24361159210FB96400F3C1CF /* Build configuration list for PBXNativeTarget "ScoreBoard" */;
			buildPhases = (
				2436112D210FB96300F3C1CF /* Sources */,
				2436112E210FB96300F3C1CF /* Frameworks */,
				2436112F210FB96300F3C1CF /* Resources */,
			);
			buildRules = (
			);
			dependencies = (
			);
			name = ScoreBoard;
			productName = ScoreBoard;
			productReference = 24361131210FB96300F3C1CF /* ScoreBoard.app */;
			productType = "com.apple.product-type.application";
		};
		24361144210FB96400F3C1CF /* ScoreBoardTests */ = {
			isa = PBXNativeTarget;
			buildConfigurationList = 2436115C210FB96400F3C1CF /* Build configuration list for PBXNativeTarget "ScoreBoardTests" */;
			buildPhases = (
				24361141210FB96400F3C1CF /* Sources */,
				24361142210FB96400F3C1CF /* Frameworks */,
				24361143210FB96400F3C1CF /* Resources */,
			);
			buildRules = (
			);
			dependencies = (
				24361147210FB96400F3C1CF /* PBXTargetDependency */,
			);
			name = ScoreBoardTests;
			productName = ScoreBoardTests;
			productReference = 24361145210FB96400F3C1CF /* ScoreBoardTests.xctest */;
			productType = "com.apple.product-type.bundle.unit-test";
		};
		2436114F210FB96400F3C1CF /* ScoreBoardUITests */ = {
			isa = PBXNativeTarget;
			buildConfigurationList = 2436115F210FB96400F3C1CF /* Build configuration list for PBXNativeTarget "ScoreBoardUITests" */;
			buildPhases = (
				2436114C210FB96400F3C1CF /* Sources */,
				2436114D210FB96400F3C1CF /* Frameworks */,
				2436114E210FB96400F3C1CF /* Resources */,
			);
			buildRules = (
			);
			dependencies = (
				24361152210FB96400F3C1CF /* PBXTargetDependency */,
			);
			name = ScoreBoardUITests;
			productName = ScoreBoardUITests;
			productReference = 24361150210FB96400F3C1CF /* ScoreBoardUITests.xctest */;
			productType = "com.apple.product-type.bundle.ui-testing";
		};
/* End PBXNativeTarget section */

/* Begin PBXProject section */
		24361129210FB96300F3C1CF /* Project object */ = {
			isa = PBXProject;
			attributes = {
				LastSwiftUpdateCheck = 0940;
				LastUpgradeCheck = 0940;
				ORGANIZATIONNAME = "Li Ju";
				TargetAttributes = {
					24361130210FB96300F3C1CF = {
						CreatedOnToolsVersion = 9.4.1;
					};
					24361144210FB96400F3C1CF = {
						CreatedOnToolsVersion = 9.4.1;
						TestTargetID = 24361130210FB96300F3C1CF;
					};
					2436114F210FB96400F3C1CF = {
						CreatedOnToolsVersion = 9.4.1;
						TestTargetID = 24361130210FB96300F3C1CF;
					};
				};
			};
			buildConfigurationList = 2436112C210FB96300F3C1CF /* Build configuration list for PBXProject "ScoreBoard" */;
			compatibilityVersion = "Xcode 9.3";
			developmentRegion = en;
			hasScannedForEncodings = 0;
			knownRegions = (
				en,
				Base,
			);
			mainGroup = 24361128210FB96300F3C1CF;
			productRefGroup = 24361132210FB96300F3C1CF /* Products */;
			projectDirPath = "";
			projectRoot = "";
			targets = (
				24361130210FB96300F3C1CF /* ScoreBoard */,
				24361144210FB96400F3C1CF /* ScoreBoardTests */,
				2436114F210FB96400F3C1CF /* ScoreBoardUITests */,
			);
		};
/* End PBXProject section */

/* Begin PBXResourcesBuildPhase section */
		2436112F210FB96300F3C1CF /* Resources */ = {
			isa = PBXResourcesBuildPhase;
			buildActionMask = 2147483647;
			files = (
				241786C02113E7FA00B57190 /* list.png in Resources */,
				241786B62113C66D00B57190 /* Maldives.jpg in Resources */,
				2436113F210FB96300F3C1CF /* LaunchScreen.storyboard in Resources */,
				2436113C210FB96300F3C1CF /* Assets.xcassets in Resources */,
				241786BE2113E68E00B57190 /* pie.png in Resources */,
				241786BC2113E33800B57190 /* donut.png in Resources */,
				2436113A210FB96300F3C1CF /* Main.storyboard in Resources */,
				241786C42113EAEF00B57190 /* block.png in Resources */,
			);
			runOnlyForDeploymentPostprocessing = 0;
		};
		24361143210FB96400F3C1CF /* Resources */ = {
			isa = PBXResourcesBuildPhase;
			buildActionMask = 2147483647;
			files = (
			);
			runOnlyForDeploymentPostprocessing = 0;
		};
		2436114E210FB96400F3C1CF /* Resources */ = {
			isa = PBXResourcesBuildPhase;
			buildActionMask = 2147483647;
			files = (
			);
			runOnlyForDeploymentPostprocessing = 0;
		};
/* End PBXResourcesBuildPhase section */

/* Begin PBXSourcesBuildPhase section */
		2436112D210FB96300F3C1CF /* Sources */ = {
			isa = PBXSourcesBuildPhase;
			buildActionMask = 2147483647;
			files = (
				24361137210FB96300F3C1CF /* ViewController.swift in Sources */,
				241786AF21134BED00B57190 /* ObjectModels.swift in Sources */,
				24361165210FC8E100F3C1CF /* DetailSettingPopUpViewController.swift in Sources */,
				241786CA2114FA5F00B57190 /* BlockViewController.swift in Sources */,
				241786C82114FA5100B57190 /* PieViewController.swift in Sources */,
				241786CC2114FA7300B57190 /* DonutViewController.swift in Sources */,
				241786C62114F87000B57190 /* ListViewController.swift in Sources */,
				241163BE211B944700B9056C /* DrawUtils.swift in Sources */,
				241163BC211B7F7C00B9056C /* PieView.swift in Sources */,
				24361135210FB96300F3C1CF /* AppDelegate.swift in Sources */,
			);
			runOnlyForDeploymentPostprocessing = 0;
		};
		24361141210FB96400F3C1CF /* Sources */ = {
			isa = PBXSourcesBuildPhase;
			buildActionMask = 2147483647;
			files = (
				2436114A210FB96400F3C1CF /* ScoreBoardTests.swift in Sources */,
			);
			runOnlyForDeploymentPostprocessing = 0;
		};
		2436114C210FB96400F3C1CF /* Sources */ = {
			isa = PBXSourcesBuildPhase;
			buildActionMask = 2147483647;
			files = (
				24361155210FB96400F3C1CF /* ScoreBoardUITests.swift in Sources */,
			);
			runOnlyForDeploymentPostprocessing = 0;
		};
/* End PBXSourcesBuildPhase section */

/* Begin PBXTargetDependency section */
		24361147210FB96400F3C1CF /* PBXTargetDependency */ = {
			isa = PBXTargetDependency;
			target = 24361130210FB96300F3C1CF /* ScoreBoard */;
			targetProxy = 24361146210FB96400F3C1CF /* PBXContainerItemProxy */;
		};
		24361152210FB96400F3C1CF /* PBXTargetDependency */ = {
			isa = PBXTargetDependency;
			target = 24361130210FB96300F3C1CF /* ScoreBoard */;
			targetProxy = 24361151210FB96400F3C1CF /* PBXContainerItemProxy */;
		};
/* End PBXTargetDependency section */

/* Begin PBXVariantGroup section */
		24361138210FB96300F3C1CF /* Main.storyboard */ = {
			isa = PBXVariantGroup;
			children = (
				24361139210FB96300F3C1CF /* Base */,
			);
			name = Main.storyboard;
			sourceTree = "<group>";
		};
		2436113D210FB96300F3C1CF /* LaunchScreen.storyboard */ = {
			isa = PBXVariantGroup;
			children = (
				2436113E210FB96300F3C1CF /* Base */,
			);
			name = LaunchScreen.storyboard;
			sourceTree = "<group>";
		};
/* End PBXVariantGroup section */

/* Begin XCBuildConfiguration section */
		24361157210FB96400F3C1CF /* Debug */ = {
			isa = XCBuildConfiguration;
			buildSettings = {
				ALWAYS_SEARCH_USER_PATHS = NO;
				CLANG_ANALYZER_NONNULL = YES;
				CLANG_ANALYZER_NUMBER_OBJECT_CONVERSION = YES_AGGRESSIVE;
				CLANG_CXX_LANGUAGE_STANDARD = "gnu++14";
				CLANG_CXX_LIBRARY = "libc++";
				CLANG_ENABLE_MODULES = YES;
				CLANG_ENABLE_OBJC_ARC = YES;
				CLANG_ENABLE_OBJC_WEAK = YES;
				CLANG_WARN_BLOCK_CAPTURE_AUTORELEASING = YES;
				CLANG_WARN_BOOL_CONVERSION = YES;
				CLANG_WARN_COMMA = YES;
				CLANG_WARN_CONSTANT_CONVERSION = YES;
				CLANG_WARN_DEPRECATED_OBJC_IMPLEMENTATIONS = YES;
				CLANG_WARN_DIRECT_OBJC_ISA_USAGE = YES_ERROR;
				CLANG_WARN_DOCUMENTATION_COMMENTS = YES;
				CLANG_WARN_EMPTY_BODY = YES;
				CLANG_WARN_ENUM_CONVERSION = YES;
				CLANG_WARN_INFINITE_RECURSION = YES;
				CLANG_WARN_INT_CONVERSION = YES;
				CLANG_WARN_NON_LITERAL_NULL_CONVERSION = YES;
				CLANG_WARN_OBJC_IMPLICIT_RETAIN_SELF = YES;
				CLANG_WARN_OBJC_LITERAL_CONVERSION = YES;
				CLANG_WARN_OBJC_ROOT_CLASS = YES_ERROR;
				CLANG_WARN_RANGE_LOOP_ANALYSIS = YES;
				CLANG_WARN_STRICT_PROTOTYPES = YES;
				CLANG_WARN_SUSPICIOUS_MOVE = YES;
				CLANG_WARN_UNGUARDED_AVAILABILITY = YES_AGGRESSIVE;
				CLANG_WARN_UNREACHABLE_CODE = YES;
				CLANG_WARN__DUPLICATE_METHOD_MATCH = YES;
				CODE_SIGN_IDENTITY = "iPhone Developer";
				COPY_PHASE_STRIP = NO;
				DEBUG_INFORMATION_FORMAT = dwarf;
				ENABLE_STRICT_OBJC_MSGSEND = YES;
				ENABLE_TESTABILITY = YES;
				GCC_C_LANGUAGE_STANDARD = gnu11;
				GCC_DYNAMIC_NO_PIC = NO;
				GCC_NO_COMMON_BLOCKS = YES;
				GCC_OPTIMIZATION_LEVEL = 0;
				GCC_PREPROCESSOR_DEFINITIONS = (
					"DEBUG=1",
					"$(inherited)",
				);
				GCC_WARN_64_TO_32_BIT_CONVERSION = YES;
				GCC_WARN_ABOUT_RETURN_TYPE = YES_ERROR;
				GCC_WARN_UNDECLARED_SELECTOR = YES;
				GCC_WARN_UNINITIALIZED_AUTOS = YES_AGGRESSIVE;
				GCC_WARN_UNUSED_FUNCTION = YES;
				GCC_WARN_UNUSED_VARIABLE = YES;
				IPHONEOS_DEPLOYMENT_TARGET = 11.4;
				MTL_ENABLE_DEBUG_INFO = YES;
				ONLY_ACTIVE_ARCH = YES;
				SDKROOT = iphoneos;
				SWIFT_ACTIVE_COMPILATION_CONDITIONS = DEBUG;
				SWIFT_OPTIMIZATION_LEVEL = "-Onone";
			};
			name = Debug;
		};
		24361158210FB96400F3C1CF /* Release */ = {
			isa = XCBuildConfiguration;
			buildSettings = {
				ALWAYS_SEARCH_USER_PATHS = NO;
				CLANG_ANALYZER_NONNULL = YES;
				CLANG_ANALYZER_NUMBER_OBJECT_CONVERSION = YES_AGGRESSIVE;
				CLANG_CXX_LANGUAGE_STANDARD = "gnu++14";
				CLANG_CXX_LIBRARY = "libc++";
				CLANG_ENABLE_MODULES = YES;
				CLANG_ENABLE_OBJC_ARC = YES;
				CLANG_ENABLE_OBJC_WEAK = YES;
				CLANG_WARN_BLOCK_CAPTURE_AUTORELEASING = YES;
				CLANG_WARN_BOOL_CONVERSION = YES;
				CLANG_WARN_COMMA = YES;
				CLANG_WARN_CONSTANT_CONVERSION = YES;
				CLANG_WARN_DEPRECATED_OBJC_IMPLEMENTATIONS = YES;
				CLANG_WARN_DIRECT_OBJC_ISA_USAGE = YES_ERROR;
				CLANG_WARN_DOCUMENTATION_COMMENTS = YES;
				CLANG_WARN_EMPTY_BODY = YES;
				CLANG_WARN_ENUM_CONVERSION = YES;
				CLANG_WARN_INFINITE_RECURSION = YES;
				CLANG_WARN_INT_CONVERSION = YES;
				CLANG_WARN_NON_LITERAL_NULL_CONVERSION = YES;
				CLANG_WARN_OBJC_IMPLICIT_RETAIN_SELF = YES;
				CLANG_WARN_OBJC_LITERAL_CONVERSION = YES;
				CLANG_WARN_OBJC_ROOT_CLASS = YES_ERROR;
				CLANG_WARN_RANGE_LOOP_ANALYSIS = YES;
				CLANG_WARN_STRICT_PROTOTYPES = YES;
				CLANG_WARN_SUSPICIOUS_MOVE = YES;
				CLANG_WARN_UNGUARDED_AVAILABILITY = YES_AGGRESSIVE;
				CLANG_WARN_UNREACHABLE_CODE = YES;
				CLANG_WARN__DUPLICATE_METHOD_MATCH = YES;
				CODE_SIGN_IDENTITY = "iPhone Developer";
				COPY_PHASE_STRIP = NO;
				DEBUG_INFORMATION_FORMAT = "dwarf-with-dsym";
				ENABLE_NS_ASSERTIONS = NO;
				ENABLE_STRICT_OBJC_MSGSEND = YES;
				GCC_C_LANGUAGE_STANDARD = gnu11;
				GCC_NO_COMMON_BLOCKS = YES;
				GCC_WARN_64_TO_32_BIT_CONVERSION = YES;
				GCC_WARN_ABOUT_RETURN_TYPE = YES_ERROR;
				GCC_WARN_UNDECLARED_SELECTOR = YES;
				GCC_WARN_UNINITIALIZED_AUTOS = YES_AGGRESSIVE;
				GCC_WARN_UNUSED_FUNCTION = YES;
				GCC_WARN_UNUSED_VARIABLE = YES;
				IPHONEOS_DEPLOYMENT_TARGET = 11.4;
				MTL_ENABLE_DEBUG_INFO = NO;
				SDKROOT = iphoneos;
				SWIFT_COMPILATION_MODE = wholemodule;
				SWIFT_OPTIMIZATION_LEVEL = "-O";
				VALIDATE_PRODUCT = YES;
			};
			name = Release;
		};
		2436115A210FB96400F3C1CF /* Debug */ = {
			isa = XCBuildConfiguration;
			buildSettings = {
				ASSETCATALOG_COMPILER_APPICON_NAME = AppIcon;
				CODE_SIGN_STYLE = Automatic;
				INFOPLIST_FILE = ScoreBoard/Info.plist;
				LD_RUNPATH_SEARCH_PATHS = (
					"$(inherited)",
					"@executable_path/Frameworks",
				);
				PRODUCT_BUNDLE_IDENTIFIER = com.liju.ScoreBoard;
				PRODUCT_NAME = "$(TARGET_NAME)";
				SWIFT_VERSION = 4.0;
				TARGETED_DEVICE_FAMILY = "1,2";
			};
			name = Debug;
		};
		2436115B210FB96400F3C1CF /* Release */ = {
			isa = XCBuildConfiguration;
			buildSettings = {
				ASSETCATALOG_COMPILER_APPICON_NAME = AppIcon;
				CODE_SIGN_STYLE = Automatic;
				INFOPLIST_FILE = ScoreBoard/Info.plist;
				LD_RUNPATH_SEARCH_PATHS = (
					"$(inherited)",
					"@executable_path/Frameworks",
				);
				PRODUCT_BUNDLE_IDENTIFIER = com.liju.ScoreBoard;
				PRODUCT_NAME = "$(TARGET_NAME)";
				SWIFT_VERSION = 4.0;
				TARGETED_DEVICE_FAMILY = "1,2";
			};
			name = Release;
		};
		2436115D210FB96400F3C1CF /* Debug */ = {
			isa = XCBuildConfiguration;
			buildSettings = {
				ALWAYS_EMBED_SWIFT_STANDARD_LIBRARIES = YES;
				BUNDLE_LOADER = "$(TEST_HOST)";
				CODE_SIGN_STYLE = Automatic;
				INFOPLIST_FILE = ScoreBoardTests/Info.plist;
				LD_RUNPATH_SEARCH_PATHS = (
					"$(inherited)",
					"@executable_path/Frameworks",
					"@loader_path/Frameworks",
				);
				PRODUCT_BUNDLE_IDENTIFIER = com.liju.ScoreBoardTests;
				PRODUCT_NAME = "$(TARGET_NAME)";
				SWIFT_VERSION = 4.0;
				TARGETED_DEVICE_FAMILY = "1,2";
				TEST_HOST = "$(BUILT_PRODUCTS_DIR)/ScoreBoard.app/ScoreBoard";
			};
			name = Debug;
		};
		2436115E210FB96400F3C1CF /* Release */ = {
			isa = XCBuildConfiguration;
			buildSettings = {
				ALWAYS_EMBED_SWIFT_STANDARD_LIBRARIES = YES;
				BUNDLE_LOADER = "$(TEST_HOST)";
				CODE_SIGN_STYLE = Automatic;
				INFOPLIST_FILE = ScoreBoardTests/Info.plist;
				LD_RUNPATH_SEARCH_PATHS = (
					"$(inherited)",
					"@executable_path/Frameworks",
					"@loader_path/Frameworks",
				);
				PRODUCT_BUNDLE_IDENTIFIER = com.liju.ScoreBoardTests;
				PRODUCT_NAME = "$(TARGET_NAME)";
				SWIFT_VERSION = 4.0;
				TARGETED_DEVICE_FAMILY = "1,2";
				TEST_HOST = "$(BUILT_PRODUCTS_DIR)/ScoreBoard.app/ScoreBoard";
			};
			name = Release;
		};
		24361160210FB96400F3C1CF /* Debug */ = {
			isa = XCBuildConfiguration;
			buildSettings = {
				ALWAYS_EMBED_SWIFT_STANDARD_LIBRARIES = YES;
				CODE_SIGN_STYLE = Automatic;
				INFOPLIST_FILE = ScoreBoardUITests/Info.plist;
				LD_RUNPATH_SEARCH_PATHS = (
					"$(inherited)",
					"@executable_path/Frameworks",
					"@loader_path/Frameworks",
				);
				PRODUCT_BUNDLE_IDENTIFIER = com.liju.ScoreBoardUITests;
				PRODUCT_NAME = "$(TARGET_NAME)";
				SWIFT_VERSION = 4.0;
				TARGETED_DEVICE_FAMILY = "1,2";
				TEST_TARGET_NAME = ScoreBoard;
			};
			name = Debug;
		};
		24361161210FB96400F3C1CF /* Release */ = {
			isa = XCBuildConfiguration;
			buildSettings = {
				ALWAYS_EMBED_SWIFT_STANDARD_LIBRARIES = YES;
				CODE_SIGN_STYLE = Automatic;
				INFOPLIST_FILE = ScoreBoardUITests/Info.plist;
				LD_RUNPATH_SEARCH_PATHS = (
					"$(inherited)",
					"@executable_path/Frameworks",
					"@loader_path/Frameworks",
				);
				PRODUCT_BUNDLE_IDENTIFIER = com.liju.ScoreBoardUITests;
				PRODUCT_NAME = "$(TARGET_NAME)";
				SWIFT_VERSION = 4.0;
				TARGETED_DEVICE_FAMILY = "1,2";
				TEST_TARGET_NAME = ScoreBoard;
			};
			name = Release;
		};
/* End XCBuildConfiguration section */

/* Begin XCConfigurationList section */
		2436112C210FB96300F3C1CF /* Build configuration list for PBXProject "ScoreBoard" */ = {
			isa = XCConfigurationList;
			buildConfigurations = (
				24361157210FB96400F3C1CF /* Debug */,
				24361158210FB96400F3C1CF /* Release */,
			);
			defaultConfigurationIsVisible = 0;
			defaultConfigurationName = Release;
		};
		24361159210FB96400F3C1CF /* Build configuration list for PBXNativeTarget "ScoreBoard" */ = {
			isa = XCConfigurationList;
			buildConfigurations = (
				2436115A210FB96400F3C1CF /* Debug */,
				2436115B210FB96400F3C1CF /* Release */,
			);
			defaultConfigurationIsVisible = 0;
			defaultConfigurationName = Release;
		};
		2436115C210FB96400F3C1CF /* Build configuration list for PBXNativeTarget "ScoreBoardTests" */ = {
			isa = XCConfigurationList;
			buildConfigurations = (
				2436115D210FB96400F3C1CF /* Debug */,
				2436115E210FB96400F3C1CF /* Release */,
			);
			defaultConfigurationIsVisible = 0;
			defaultConfigurationName = Release;
		};
		2436115F210FB96400F3C1CF /* Build configuration list for PBXNativeTarget "ScoreBoardUITests" */ = {
			isa = XCConfigurationList;
			buildConfigurations = (
				24361160210FB96400F3C1CF /* Debug */,
				24361161210FB96400F3C1CF /* Release */,
			);
			defaultConfigurationIsVisible = 0;
			defaultConfigurationName = Release;
		};
/* End XCConfigurationList section */
	};
	rootObject = 24361129210FB96300F3C1CF /* Project object */;
}
